// !$*UTF8*$!
{
	archiveVersion = 1;
	classes = {
	};
	objectVersion = 46;
	objects = {

/* Begin PBXBuildFile section */
		F5819B9617CCB70B00DFBB79 /* UIKit.framework in Frameworks */ = {isa = PBXBuildFile; fileRef = F5819B9517CCB70B00DFBB79 /* UIKit.framework */; };
		F5819B9817CCB70B00DFBB79 /* Foundation.framework in Frameworks */ = {isa = PBXBuildFile; fileRef = F5819B9717CCB70B00DFBB79 /* Foundation.framework */; };
		F5819B9A17CCB70B00DFBB79 /* CoreGraphics.framework in Frameworks */ = {isa = PBXBuildFile; fileRef = F5819B9917CCB70B00DFBB79 /* CoreGraphics.framework */; };
		F5819BA017CCB70B00DFBB79 /* InfoPlist.strings in Resources */ = {isa = PBXBuildFile; fileRef = F5819B9E17CCB70B00DFBB79 /* InfoPlist.strings */; };
		F5819BA217CCB70B00DFBB79 /* main.m in Sources */ = {isa = PBXBuildFile; fileRef = F5819BA117CCB70B00DFBB79 /* main.m */; };
		F5819BA817CCB70B00DFBB79 /* Default.png in Resources */ = {isa = PBXBuildFile; fileRef = F5819BA717CCB70B00DFBB79 /* Default.png */; };
		F5819BAA17CCB70B00DFBB79 /* Default@2x.png in Resources */ = {isa = PBXBuildFile; fileRef = F5819BA917CCB70B00DFBB79 /* Default@2x.png */; };
		F5819BAC17CCB70B00DFBB79 /* Default-568h@2x.png in Resources */ = {isa = PBXBuildFile; fileRef = F5819BAB17CCB70B00DFBB79 /* Default-568h@2x.png */; };
		F5819BBB17CCB76C00DFBB79 /* AppDelegate.m in Sources */ = {isa = PBXBuildFile; fileRef = F5819BBA17CCB76C00DFBB79 /* AppDelegate.m */; };
		F5819BBF17CCB7CF00DFBB79 /* EMViewController.m in Sources */ = {isa = PBXBuildFile; fileRef = F5819BBE17CCB7CF00DFBB79 /* EMViewController.m */; };
		F5819BC217CCDA6B00DFBB79 /* EMCollectionViewCell.m in Sources */ = {isa = PBXBuildFile; fileRef = F5819BC117CCDA6B00DFBB79 /* EMCollectionViewCell.m */; };
/* End PBXBuildFile section */

/* Begin PBXFileReference section */
		F5819B9217CCB70B00DFBB79 /* UICollectionViewEndless.app */ = {isa = PBXFileReference; explicitFileType = wrapper.application; includeInIndex = 0; path = UICollectionViewEndless.app; sourceTree = BUILT_PRODUCTS_DIR; };
		F5819B9517CCB70B00DFBB79 /* UIKit.framework */ = {isa = PBXFileReference; lastKnownFileType = wrapper.framework; name = UIKit.framework; path = System/Library/Frameworks/UIKit.framework; sourceTree = SDKROOT; };
		F5819B9717CCB70B00DFBB79 /* Foundation.framework */ = {isa = PBXFileReference; lastKnownFileType = wrapper.framework; name = Foundation.framework; path = System/Library/Frameworks/Foundation.framework; sourceTree = SDKROOT; };
		F5819B9917CCB70B00DFBB79 /* CoreGraphics.framework */ = {isa = PBXFileReference; lastKnownFileType = wrapper.framework; name = CoreGraphics.framework; path = System/Library/Frameworks/CoreGraphics.framework; sourceTree = SDKROOT; };
		F5819B9D17CCB70B00DFBB79 /* UICollectionViewEndless-Info.plist */ = {isa = PBXFileReference; lastKnownFileType = text.plist.xml; path = "UICollectionViewEndless-Info.plist"; sourceTree = "<group>"; };
		F5819B9F17CCB70B00DFBB79 /* en */ = {isa = PBXFileReference; lastKnownFileType = text.plist.strings; name = en; path = en.lproj/InfoPlist.strings; sourceTree = "<group>"; };
		F5819BA117CCB70B00DFBB79 /* main.m */ = {isa = PBXFileReference; lastKnownFileType = sourcecode.c.objc; path = main.m; sourceTree = "<group>"; };
		F5819BA317CCB70B00DFBB79 /* UICollectionViewEndless-Prefix.pch */ = {isa = PBXFileReference; lastKnownFileType = sourcecode.c.h; path = "UICollectionViewEndless-Prefix.pch"; sourceTree = "<group>"; };
		F5819BA717CCB70B00DFBB79 /* Default.png */ = {isa = PBXFileReference; lastKnownFileType = image.png; path = Default.png; sourceTree = "<group>"; };
		F5819BA917CCB70B00DFBB79 /* Default@2x.png */ = {isa = PBXFileReference; lastKnownFileType = image.png; path = "Default@2x.png"; sourceTree = "<group>"; };
		F5819BAB17CCB70B00DFBB79 /* Default-568h@2x.png */ = {isa = PBXFileReference; lastKnownFileType = image.png; path = "Default-568h@2x.png"; sourceTree = "<group>"; };
		F5819BB917CCB76C00DFBB79 /* AppDelegate.h */ = {isa = PBXFileReference; fileEncoding = 4; lastKnownFileType = sourcecode.c.h; path = AppDelegate.h; sourceTree = "<group>"; };
		F5819BBA17CCB76C00DFBB79 /* AppDelegate.m */ = {isa = PBXFileReference; fileEncoding = 4; lastKnownFileType = sourcecode.c.objc; path = AppDelegate.m; sourceTree = "<group>"; };
		F5819BBD17CCB7CF00DFBB79 /* EMViewController.h */ = {isa = PBXFileReference; fileEncoding = 4; lastKnownFileType = sourcecode.c.h; path = EMViewController.h; sourceTree = "<group>"; };
		F5819BBE17CCB7CF00DFBB79 /* EMViewController.m */ = {isa = PBXFileReference; fileEncoding = 4; lastKnownFileType = sourcecode.c.objc; path = EMViewController.m; sourceTree = "<group>"; };
		F5819BC017CCDA6B00DFBB79 /* EMCollectionViewCell.h */ = {isa = PBXFileReference; fileEncoding = 4; lastKnownFileType = sourcecode.c.h; path = EMCollectionViewCell.h; sourceTree = "<group>"; };
		F5819BC117CCDA6B00DFBB79 /* EMCollectionViewCell.m */ = {isa = PBXFileReference; fileEncoding = 4; lastKnownFileType = sourcecode.c.objc; path = EMCollectionViewCell.m; sourceTree = "<group>"; };
/* End PBXFileReference section */

/* Begin PBXFrameworksBuildPhase section */
		F5819B8F17CCB70B00DFBB79 /* Frameworks */ = {
			isa = PBXFrameworksBuildPhase;
			buildActionMask = 2147483647;
			files = (
				F5819B9617CCB70B00DFBB79 /* UIKit.framework in Frameworks */,
				F5819B9817CCB70B00DFBB79 /* Foundation.framework in Frameworks */,
				F5819B9A17CCB70B00DFBB79 /* CoreGraphics.framework in Frameworks */,
			);
			runOnlyForDeploymentPostprocessing = 0;
		};
/* End PBXFrameworksBuildPhase section */

/* Begin PBXGroup section */
		F5819B8917CCB70B00DFBB79 = {
			isa = PBXGroup;
			children = (
				F5819B9B17CCB70B00DFBB79 /* UICollectionViewEndless */,
				F5819B9417CCB70B00DFBB79 /* Frameworks */,
				F5819B9317CCB70B00DFBB79 /* Products */,
			);
			sourceTree = "<group>";
		};
		F5819B9317CCB70B00DFBB79 /* Products */ = {
			isa = PBXGroup;
			children = (
				F5819B9217CCB70B00DFBB79 /* UICollectionViewEndless.app */,
			);
			name = Products;
			sourceTree = "<group>";
		};
		F5819B9417CCB70B00DFBB79 /* Frameworks */ = {
			isa = PBXGroup;
			children = (
				F5819B9517CCB70B00DFBB79 /* UIKit.framework */,
				F5819B9717CCB70B00DFBB79 /* Foundation.framework */,
				F5819B9917CCB70B00DFBB79 /* CoreGraphics.framework */,
			);
			name = Frameworks;
			sourceTree = "<group>";
		};
		F5819B9B17CCB70B00DFBB79 /* UICollectionViewEndless */ = {
			isa = PBXGroup;
			children = (
				F5819BB817CCB76C00DFBB79 /* Classes */,
				F5819B9C17CCB70B00DFBB79 /* Supporting Files */,
			);
			path = UICollectionViewEndless;
			sourceTree = "<group>";
		};
		F5819B9C17CCB70B00DFBB79 /* Supporting Files */ = {
			isa = PBXGroup;
			children = (
				F5819B9D17CCB70B00DFBB79 /* UICollectionViewEndless-Info.plist */,
				F5819B9E17CCB70B00DFBB79 /* InfoPlist.strings */,
				F5819BA117CCB70B00DFBB79 /* main.m */,
				F5819BA317CCB70B00DFBB79 /* UICollectionViewEndless-Prefix.pch */,
				F5819BA717CCB70B00DFBB79 /* Default.png */,
				F5819BA917CCB70B00DFBB79 /* Default@2x.png */,
				F5819BAB17CCB70B00DFBB79 /* Default-568h@2x.png */,
			);
			name = "Supporting Files";
			sourceTree = "<group>";
		};
		F5819BB817CCB76C00DFBB79 /* Classes */ = {
			isa = PBXGroup;
			children = (
				F5819BB917CCB76C00DFBB79 /* AppDelegate.h */,
				F5819BBA17CCB76C00DFBB79 /* AppDelegate.m */,
				F5819BBC17CCB78700DFBB79 /* EMCollectionView */,
			);
			path = Classes;
			sourceTree = "<group>";
		};
		F5819BBC17CCB78700DFBB79 /* EMCollectionView */ = {
			isa = PBXGroup;
			children = (
				F5819BBD17CCB7CF00DFBB79 /* EMViewController.h */,
				F5819BBE17CCB7CF00DFBB79 /* EMViewController.m */,
				F5819BC017CCDA6B00DFBB79 /* EMCollectionViewCell.h */,
				F5819BC117CCDA6B00DFBB79 /* EMCollectionViewCell.m */,
			);
			path = EMCollectionView;
			sourceTree = "<group>";
		};
/* End PBXGroup section */

/* Begin PBXNativeTarget section */
		F5819B9117CCB70B00DFBB79 /* UICollectionViewEndless */ = {
			isa = PBXNativeTarget;
			buildConfigurationList = F5819BB517CCB70B00DFBB79 /* Build configuration list for PBXNativeTarget "UICollectionViewEndless" */;
			buildPhases = (
				F5819B8E17CCB70B00DFBB79 /* Sources */,
				F5819B8F17CCB70B00DFBB79 /* Frameworks */,
				F5819B9017CCB70B00DFBB79 /* Resources */,
			);
			buildRules = (
			);
			dependencies = (
			);
			name = UICollectionViewEndless;
			productName = UICollectionViewEndless;
			productReference = F5819B9217CCB70B00DFBB79 /* UICollectionViewEndless.app */;
			productType = "com.apple.product-type.application";
		};
/* End PBXNativeTarget section */

/* Begin PBXProject section */
		F5819B8A17CCB70B00DFBB79 /* Project object */ = {
			isa = PBXProject;
			attributes = {
				LastUpgradeCheck = 0460;
				ORGANIZATIONNAME = "Ennio Masi";
			};
			buildConfigurationList = F5819B8D17CCB70B00DFBB79 /* Build configuration list for PBXProject "UICollectionViewEndless" */;
			compatibilityVersion = "Xcode 3.2";
			developmentRegion = English;
			hasScannedForEncodings = 0;
			knownRegions = (
				en,
			);
			mainGroup = F5819B8917CCB70B00DFBB79;
			productRefGroup = F5819B9317CCB70B00DFBB79 /* Products */;
			projectDirPath = "";
			projectRoot = "";
			targets = (
				F5819B9117CCB70B00DFBB79 /* UICollectionViewEndless */,
			);
		};
/* End PBXProject section */

/* Begin PBXResourcesBuildPhase section */
		F5819B9017CCB70B00DFBB79 /* Resources */ = {
			isa = PBXResourcesBuildPhase;
			buildActionMask = 2147483647;
			files = (
				F5819BA017CCB70B00DFBB79 /* InfoPlist.strings in Resources */,
				F5819BA817CCB70B00DFBB79 /* Default.png in Resources */,
				F5819BAA17CCB70B00DFBB79 /* Default@2x.png in Resources */,
				F5819BAC17CCB70B00DFBB79 /* Default-568h@2x.png in Resources */,
			);
			runOnlyForDeploymentPostprocessing = 0;
		};
/* End PBXResourcesBuildPhase section */

/* Begin PBXSourcesBuildPhase section */
		F5819B8E17CCB70B00DFBB79 /* Sources */ = {
			isa = PBXSourcesBuildPhase;
			buildActionMask = 2147483647;
			files = (
				F5819BA217CCB70B00DFBB79 /* main.m in Sources */,
				F5819BBB17CCB76C00DFBB79 /* AppDelegate.m in Sources */,
				F5819BBF17CCB7CF00DFBB79 /* EMViewController.m in Sources */,
				F5819BC217CCDA6B00DFBB79 /* EMCollectionViewCell.m in Sources */,
			);
			runOnlyForDeploymentPostprocessing = 0;
		};
/* End PBXSourcesBuildPhase section */

/* Begin PBXVariantGroup section */
		F5819B9E17CCB70B00DFBB79 /* InfoPlist.strings */ = {
			isa = PBXVariantGroup;
			children = (
				F5819B9F17CCB70B00DFBB79 /* en */,
			);
			name = InfoPlist.strings;
			sourceTree = "<group>";
		};
/* End PBXVariantGroup section */

/* Begin XCBuildConfiguration section */
		F5819BB317CCB70B00DFBB79 /* Debug */ = {
			isa = XCBuildConfiguration;
			buildSettings = {
				ALWAYS_SEARCH_USER_PATHS = NO;
				CLANG_CXX_LANGUAGE_STANDARD = "gnu++0x";
				CLANG_CXX_LIBRARY = "libc++";
				CLANG_ENABLE_OBJC_ARC = YES;
				CLANG_WARN_CONSTANT_CONVERSION = YES;
				CLANG_WARN_EMPTY_BODY = YES;
				CLANG_WARN_ENUM_CONVERSION = YES;
				CLANG_WARN_INT_CONVERSION = YES;
				CLANG_WARN__DUPLICATE_METHOD_MATCH = YES;
				"CODE_SIGN_IDENTITY[sdk=iphoneos*]" = "iPhone Developer";
				COPY_PHASE_STRIP = NO;
				GCC_C_LANGUAGE_STANDARD = gnu99;
				GCC_DYNAMIC_NO_PIC = NO;
				GCC_OPTIMIZATION_LEVEL = 0;
				GCC_PREPROCESSOR_DEFINITIONS = (
					"DEBUG=1",
					"$(inherited)",
				);
				GCC_SYMBOLS_PRIVATE_EXTERN = NO;
				GCC_WARN_ABOUT_RETURN_TYPE = YES;
				GCC_WARN_UNINITIALIZED_AUTOS = YES;
				GCC_WARN_UNUSED_VARIABLE = YES;
				IPHONEOS_DEPLOYMENT_TARGET = 6.1;
				ONLY_ACTIVE_ARCH = YES;
				SDKROOT = iphoneos;
			};
			name = Debug;
		};
		F5819BB417CCB70B00DFBB79 /* Release */ = {
			isa = XCBuildConfiguration;
			buildSettings = {
				ALWAYS_SEARCH_USER_PATHS = NO;
				CLANG_CXX_LANGUAGE_STANDARD = "gnu++0x";
				CLANG_CXX_LIBRARY = "libc++";
				CLANG_ENABLE_OBJC_ARC = YES;
				CLANG_WARN_CONSTANT_CONVERSION = YES;
				CLANG_WARN_EMPTY_BODY = YES;
				CLANG_WARN_ENUM_CONVERSION = YES;
				CLANG_WARN_INT_CONVERSION = YES;
				CLANG_WARN__DUPLICATE_METHOD_MATCH = YES;
				"CODE_SIGN_IDENTITY[sdk=iphoneos*]" = "iPhone Developer";
				COPY_PHASE_STRIP = YES;
				GCC_C_LANGUAGE_STANDARD = gnu99;
				GCC_WARN_ABOUT_RETURN_TYPE = YES;
				GCC_WARN_UNINITIALIZED_AUTOS = YES;
				GCC_WARN_UNUSED_VARIABLE = YES;
				IPHONEOS_DEPLOYMENT_TARGET = 6.1;
				OTHER_CFLAGS = "-DNS_BLOCK_ASSERTIONS=1";
				SDKROOT = iphoneos;
				VALIDATE_PRODUCT = YES;
			};
			name = Release;
		};
		F5819BB617CCB70B00DFBB79 /* Debug */ = {
			isa = XCBuildConfiguration;
			buildSettings = {
				GCC_PRECOMPILE_PREFIX_HEADER = YES;
				GCC_PREFIX_HEADER = "UICollectionViewEndless/UICollectionViewEndless-Prefix.pch";
				INFOPLIST_FILE = "UICollectionViewEndless/UICollectionViewEndless-Info.plist";
				PRODUCT_NAME = "$(TARGET_NAME)";
				WRAPPER_EXTENSION = app;
			};
			name = Debug;
		};
		F5819BB717CCB70B00DFBB79 /* Release */ = {
			isa = XCBuildConfiguration;
			buildSettings = {
				GCC_PRECOMPILE_PREFIX_HEADER = YES;
				GCC_PREFIX_HEADER = "UICollectionViewEndless/UICollectionViewEndless-Prefix.pch";
				INFOPLIST_FILE = "UICollectionViewEndless/UICollectionViewEndless-Info.plist";
				PRODUCT_NAME = "$(TARGET_NAME)";
				WRAPPER_EXTENSION = app;
			};
			name = Release;
		};
/* End XCBuildConfiguration section */

/* Begin XCConfigurationList section */
		F5819B8D17CCB70B00DFBB79 /* Build configuration list for PBXProject "UICollectionViewEndless" */ = {
			isa = XCConfigurationList;
			buildConfigurations = (
				F5819BB317CCB70B00DFBB79 /* Debug */,
				F5819BB417CCB70B00DFBB79 /* Release */,
			);
			defaultConfigurationIsVisible = 0;
			defaultConfigurationName = Release;
		};
		F5819BB517CCB70B00DFBB79 /* Build configuration list for PBXNativeTarget "UICollectionViewEndless" */ = {
			isa = XCConfigurationList;
			buildConfigurations = (
				F5819BB617CCB70B00DFBB79 /* Debug */,
				F5819BB717CCB70B00DFBB79 /* Release */,
			);
			defaultConfigurationIsVisible = 0;
			defaultConfigurationName = Release;
		};
/* End XCConfigurationList section */
	};
	rootObject = F5819B8A17CCB70B00DFBB79 /* Project object */;
}
